
Microsoft Visual Studio Solution File, Format Version 12.00
# Visual Studio 2013
VisualStudioVersion = 12.0.21005.1
MinimumVisualStudioVersion = 10.0.40219.1
Project("{FAE04EC0-301F-11D3-BF4B-00C04F79EFBC}") = "Hans.Badminton.Core", "Hans.Badminton.Core\Hans.Badminton.Core.csproj", "{E3A627AD-B90D-4119-8DC0-1A6D5EDF2785}"
EndProject
Project("{FAE04EC0-301F-11D3-BF4B-00C04F79EFBC}") = "Hans.Badminton.Tests", "Hans.Badminton.Tests\Hans.Badminton.Tests.csproj", "{89BB8AE1-99BA-4D5A-9726-E192B6F1A69A}"
EndProject
Project("{FAE04EC0-301F-11D3-BF4B-00C04F79EFBC}") = "Hans.Badminton.Web", "Hans.Badminton.Web\Hans.Badminton.Web.csproj", "{1BCBA79B-0D5E-4DF5-B70D-8DBDB9EF0063}"
EndProject
Global
	GlobalSection(SolutionConfigurationPlatforms) = preSolution
		Debug|Any CPU = Debug|Any CPU
		Release|Any CPU = Release|Any CPU
	EndGlobalSection
	GlobalSection(ProjectConfigurationPlatforms) = postSolution
		{E3A627AD-B90D-4119-8DC0-1A6D5EDF2785}.Debug|Any CPU.ActiveCfg = Debug|Any CPU
		{E3A627AD-B90D-4119-8DC0-1A6D5EDF2785}.Debug|Any CPU.Build.0 = Debug|Any CPU
		{E3A627AD-B90D-4119-8DC0-1A6D5EDF2785}.Release|Any CPU.ActiveCfg = Release|Any CPU
		{E3A627AD-B90D-4119-8DC0-1A6D5EDF2785}.Release|Any CPU.Build.0 = Release|Any CPU
		{89BB8AE1-99BA-4D5A-9726-E192B6F1A69A}.Debug|Any CPU.ActiveCfg = Debug|Any CPU
		{89BB8AE1-99BA-4D5A-9726-E192B6F1A69A}.Debug|Any CPU.Build.0 = Debug|Any CPU
		{89BB8AE1-99BA-4D5A-9726-E192B6F1A69A}.Release|Any CPU.ActiveCfg = Release|Any CPU
		{89BB8AE1-99BA-4D5A-9726-E192B6F1A69A}.Release|Any CPU.Build.0 = Release|Any CPU
		{1BCBA79B-0D5E-4DF5-B70D-8DBDB9EF0063}.Debug|Any CPU.ActiveCfg = Debug|Any CPU
		{1BCBA79B-0D5E-4DF5-B70D-8DBDB9EF0063}.Debug|Any CPU.Build.0 = Debug|Any CPU
		{1BCBA79B-0D5E-4DF5-B70D-8DBDB9EF0063}.Release|Any CPU.ActiveCfg = Release|Any CPU
		{1BCBA79B-0D5E-4DF5-B70D-8DBDB9EF0063}.Release|Any CPU.Build.0 = Release|Any CPU
	EndGlobalSection
	GlobalSection(SolutionProperties) = preSolution
		HideSolutionNode = FALSE
	EndGlobalSection
EndGlobal
